
Microsoft Visual Studio Solution File, Format Version 12.00
# Visual Studio Version 17
VisualStudioVersion = 17.7.34031.279
MinimumVisualStudioVersion = 10.0.40219.1
Project("{FAE04EC0-301F-11D3-BF4B-00C04F79EFBC}") = "ArZhTextRedactor", "ArZhTextRedactor\ArZhTextRedactor.csproj", "{2D991E64-3551-44D5-B617-66D2999D1906}"
EndProject
Global
	GlobalSection(SolutionConfigurationPlatforms) = preSolution
		Debug|Any CPU = Debug|Any CPU
		Release|Any CPU = Release|Any CPU
	EndGlobalSection
	GlobalSection(ProjectConfigurationPlatforms) = postSolution
		{2D991E64-3551-44D5-B617-66D2999D1906}.Debug|Any CPU.ActiveCfg = Debug|Any CPU
		{2D991E64-3551-44D5-B617-66D2999D1906}.Debug|Any CPU.Build.0 = Debug|Any CPU
		{2D991E64-3551-44D5-B617-66D2999D1906}.Release|Any CPU.ActiveCfg = Release|Any CPU
		{2D991E64-3551-44D5-B617-66D2999D1906}.Release|Any CPU.Build.0 = Release|Any CPU
	EndGlobalSection
	GlobalSection(SolutionProperties) = preSolution
		HideSolutionNode = FALSE
	EndGlobalSection
	GlobalSection(ExtensibilityGlobals) = postSolution
		SolutionGuid = {77A4D8D8-CA48-4DC6-8D83-D8481E04FBAE}
	EndGlobalSection
EndGlobal
